
Microsoft Visual Studio Solution File, Format Version 12.00
# Visual Studio Version 16
VisualStudioVersion = 16.0.30907.101
MinimumVisualStudioVersion = 10.0.40219.1
Project("{FAE04EC0-301F-11D3-BF4B-00C04F79EFBC}") = "Analyzer.UWP", "src\Analyzer\Analyzer.UWP\Analyzer.UWP.csproj", "{E574F7FE-941B-49DF-8E0D-047CD5F88AE9}"
EndProject
Project("{FAE04EC0-301F-11D3-BF4B-00C04F79EFBC}") = "Analyzer.Android", "src\Analyzer\Analyzer.Android\Analyzer.Android.csproj", "{4DFE949E-97FD-4555-B594-49B241340889}"
EndProject
Project("{FAE04EC0-301F-11D3-BF4B-00C04F79EFBC}") = "Analyzer.iOS", "src\Analyzer\Analyzer.iOS\Analyzer.iOS.csproj", "{223F4140-7FB1-4DE0-A88D-61BA64542DDE}"
EndProject
Project("{9A19103F-16F7-4668-BE54-9A1E7A4F7556}") = "Analyzer", "src\Analyzer\Analyzer\Analyzer.csproj", "{8E1F6B20-E32E-4C07-89CD-8A2F1AA4CC1E}"
EndProject
Project("{FAE04EC0-301F-11D3-BF4B-00C04F79EFBC}") = "Analyzer.MacOS", "Analyzer.MacOS\Analyzer.MacOS.csproj", "{99E96ACE-31AA-4B34-9D68-BED7E22FD28D}"
EndProject
Global
	GlobalSection(SolutionConfigurationPlatforms) = preSolution
		Debug|Any CPU = Debug|Any CPU
		Debug|ARM = Debug|ARM
		Debug|iPhone = Debug|iPhone
		Debug|iPhoneSimulator = Debug|iPhoneSimulator
		Debug|x64 = Debug|x64
		Debug|x86 = Debug|x86
		Release|Any CPU = Release|Any CPU
		Release|ARM = Release|ARM
		Release|iPhone = Release|iPhone
		Release|iPhoneSimulator = Release|iPhoneSimulator
		Release|x64 = Release|x64
		Release|x86 = Release|x86
	EndGlobalSection
	GlobalSection(ProjectConfigurationPlatforms) = postSolution
		{E574F7FE-941B-49DF-8E0D-047CD5F88AE9}.Debug|Any CPU.ActiveCfg = Debug|x86
		{E574F7FE-941B-49DF-8E0D-047CD5F88AE9}.Debug|Any CPU.Build.0 = Debug|x86
		{E574F7FE-941B-49DF-8E0D-047CD5F88AE9}.Debug|Any CPU.Deploy.0 = Debug|x86
		{E574F7FE-941B-49DF-8E0D-047CD5F88AE9}.Debug|ARM.ActiveCfg = Debug|ARM
		{E574F7FE-941B-49DF-8E0D-047CD5F88AE9}.Debug|ARM.Build.0 = Debug|ARM
		{E574F7FE-941B-49DF-8E0D-047CD5F88AE9}.Debug|ARM.Deploy.0 = Debug|ARM
		{E574F7FE-941B-49DF-8E0D-047CD5F88AE9}.Debug|iPhone.ActiveCfg = Debug|x86
		{E574F7FE-941B-49DF-8E0D-047CD5F88AE9}.Debug|iPhone.Build.0 = Debug|x86
		{E574F7FE-941B-49DF-8E0D-047CD5F88AE9}.Debug|iPhone.Deploy.0 = Debug|x86
		{E574F7FE-941B-49DF-8E0D-047CD5F88AE9}.Debug|iPhoneSimulator.ActiveCfg = Debug|x86
		{E574F7FE-941B-49DF-8E0D-047CD5F88AE9}.Debug|iPhoneSimulator.Build.0 = Debug|x86
		{E574F7FE-941B-49DF-8E0D-047CD5F88AE9}.Debug|iPhoneSimulator.Deploy.0 = Debug|x86
		{E574F7FE-941B-49DF-8E0D-047CD5F88AE9}.Debug|x64.ActiveCfg = Debug|x64
		{E574F7FE-941B-49DF-8E0D-047CD5F88AE9}.Debug|x64.Build.0 = Debug|x64
		{E574F7FE-941B-49DF-8E0D-047CD5F88AE9}.Debug|x64.Deploy.0 = Debug|x64
		{E574F7FE-941B-49DF-8E0D-047CD5F88AE9}.Debug|x86.ActiveCfg = Debug|x86
		{E574F7FE-941B-49DF-8E0D-047CD5F88AE9}.Debug|x86.Build.0 = Debug|x86
		{E574F7FE-941B-49DF-8E0D-047CD5F88AE9}.Debug|x86.Deploy.0 = Debug|x86
		{E574F7FE-941B-49DF-8E0D-047CD5F88AE9}.Release|Any CPU.ActiveCfg = Release|x86
		{E574F7FE-941B-49DF-8E0D-047CD5F88AE9}.Release|Any CPU.Build.0 = Release|x86
		{E574F7FE-941B-49DF-8E0D-047CD5F88AE9}.Release|Any CPU.Deploy.0 = Release|x86
		{E574F7FE-941B-49DF-8E0D-047CD5F88AE9}.Release|ARM.ActiveCfg = Release|ARM
		{E574F7FE-941B-49DF-8E0D-047CD5F88AE9}.Release|ARM.Build.0 = Release|ARM
		{E574F7FE-941B-49DF-8E0D-047CD5F88AE9}.Release|ARM.Deploy.0 = Release|ARM
		{E574F7FE-941B-49DF-8E0D-047CD5F88AE9}.Release|iPhone.ActiveCfg = Release|x86
		{E574F7FE-941B-49DF-8E0D-047CD5F88AE9}.Release|iPhone.Build.0 = Release|x86
		{E574F7FE-941B-49DF-8E0D-047CD5F88AE9}.Release|iPhone.Deploy.0 = Release|x86
		{E574F7FE-941B-49DF-8E0D-047CD5F88AE9}.Release|iPhoneSimulator.ActiveCfg = Release|x86
		{E574F7FE-941B-49DF-8E0D-047CD5F88AE9}.Release|iPhoneSimulator.Build.0 = Release|x86
		{E574F7FE-941B-49DF-8E0D-047CD5F88AE9}.Release|iPhoneSimulator.Deploy.0 = Release|x86
		{E574F7FE-941B-49DF-8E0D-047CD5F88AE9}.Release|x64.ActiveCfg = Release|x64
		{E574F7FE-941B-49DF-8E0D-047CD5F88AE9}.Release|x64.Build.0 = Release|x64
		{E574F7FE-941B-49DF-8E0D-047CD5F88AE9}.Release|x64.Deploy.0 = Release|x64
		{E574F7FE-941B-49DF-8E0D-047CD5F88AE9}.Release|x86.ActiveCfg = Release|x86
		{E574F7FE-941B-49DF-8E0D-047CD5F88AE9}.Release|x86.Build.0 = Release|x86
		{E574F7FE-941B-49DF-8E0D-047CD5F88AE9}.Release|x86.Deploy.0 = Release|x86
		{4DFE949E-97FD-4555-B594-49B241340889}.Debug|Any CPU.ActiveCfg = Debug|Any CPU
		{4DFE949E-97FD-4555-B594-49B241340889}.Debug|Any CPU.Build.0 = Debug|Any CPU
		{4DFE949E-97FD-4555-B594-49B241340889}.Debug|Any CPU.Deploy.0 = Debug|Any CPU
		{4DFE949E-97FD-4555-B594-49B241340889}.Debug|ARM.ActiveCfg = Debug|Any CPU
		{4DFE949E-97FD-4555-B594-49B241340889}.Debug|ARM.Build.0 = Debug|Any CPU
		{4DFE949E-97FD-4555-B594-49B241340889}.Debug|ARM.Deploy.0 = Debug|Any CPU
		{4DFE949E-97FD-4555-B594-49B241340889}.Debug|iPhone.ActiveCfg = Debug|Any CPU
		{4DFE949E-97FD-4555-B594-49B241340889}.Debug|iPhone.Build.0 = Debug|Any CPU
		{4DFE949E-97FD-4555-B594-49B241340889}.Debug|iPhone.Deploy.0 = Debug|Any CPU
		{4DFE949E-97FD-4555-B594-49B241340889}.Debug|iPhoneSimulator.ActiveCfg = Debug|Any CPU
		{4DFE949E-97FD-4555-B594-49B241340889}.Debug|iPhoneSimulator.Build.0 = Debug|Any CPU
		{4DFE949E-97FD-4555-B594-49B241340889}.Debug|iPhoneSimulator.Deploy.0 = Debug|Any CPU
		{4DFE949E-97FD-4555-B594-49B241340889}.Debug|x64.ActiveCfg = Debug|Any CPU
		{4DFE949E-97FD-4555-B594-49B241340889}.Debug|x64.Build.0 = Debug|Any CPU
		{4DFE949E-97FD-4555-B594-49B241340889}.Debug|x64.Deploy.0 = Debug|Any CPU
		{4DFE949E-97FD-4555-B594-49B241340889}.Debug|x86.ActiveCfg = Debug|Any CPU
		{4DFE949E-97FD-4555-B594-49B241340889}.Debug|x86.Build.0 = Debug|Any CPU
		{4DFE949E-97FD-4555-B594-49B241340889}.Debug|x86.Deploy.0 = Debug|Any CPU
		{4DFE949E-97FD-4555-B594-49B241340889}.Release|Any CPU.ActiveCfg = Release|Any CPU
		{4DFE949E-97FD-4555-B594-49B241340889}.Release|Any CPU.Build.0 = Release|Any CPU
		{4DFE949E-97FD-4555-B594-49B241340889}.Release|Any CPU.Deploy.0 = Release|Any CPU
		{4DFE949E-97FD-4555-B594-49B241340889}.Release|ARM.ActiveCfg = Release|Any CPU
		{4DFE949E-97FD-4555-B594-49B241340889}.Release|ARM.Build.0 = Release|Any CPU
		{4DFE949E-97FD-4555-B594-49B241340889}.Release|ARM.Deploy.0 = Release|Any CPU
		{4DFE949E-97FD-4555-B594-49B241340889}.Release|iPhone.ActiveCfg = Release|Any CPU
		{4DFE949E-97FD-4555-B594-49B241340889}.Release|iPhone.Build.0 = Release|Any CPU
		{4DFE949E-97FD-4555-B594-49B241340889}.Release|iPhone.Deploy.0 = Release|Any CPU
		{4DFE949E-97FD-4555-B594-49B241340889}.Release|iPhoneSimulator.ActiveCfg = Release|Any CPU
		{4DFE949E-97FD-4555-B594-49B241340889}.Release|iPhoneSimulator.Build.0 = Release|Any CPU
		{4DFE949E-97FD-4555-B594-49B241340889}.Release|iPhoneSimulator.Deploy.0 = Release|Any CPU
		{4DFE949E-97FD-4555-B594-49B241340889}.Release|x64.ActiveCfg = Release|Any CPU
		{4DFE949E-97FD-4555-B594-49B241340889}.Release|x64.Build.0 = Release|Any CPU
		{4DFE949E-97FD-4555-B594-49B241340889}.Release|x64.Deploy.0 = Release|Any CPU
		{4DFE949E-97FD-4555-B594-49B241340889}.Release|x86.ActiveCfg = Release|Any CPU
		{4DFE949E-97FD-4555-B594-49B241340889}.Release|x86.Build.0 = Release|Any CPU
		{4DFE949E-97FD-4555-B594-49B241340889}.Release|x86.Deploy.0 = Release|Any CPU
		{223F4140-7FB1-4DE0-A88D-61BA64542DDE}.Debug|Any CPU.ActiveCfg = Debug|iPhoneSimulator
		{223F4140-7FB1-4DE0-A88D-61BA64542DDE}.Debug|Any CPU.Build.0 = Debug|iPhoneSimulator
		{223F4140-7FB1-4DE0-A88D-61BA64542DDE}.Debug|Any CPU.Deploy.0 = Debug|iPhoneSimulator
		{223F4140-7FB1-4DE0-A88D-61BA64542DDE}.Debug|ARM.ActiveCfg = Debug|iPhone
		{223F4140-7FB1-4DE0-A88D-61BA64542DDE}.Debug|ARM.Build.0 = Debug|iPhone
		{223F4140-7FB1-4DE0-A88D-61BA64542DDE}.Debug|ARM.Deploy.0 = Debug|iPhone
		{223F4140-7FB1-4DE0-A88D-61BA64542DDE}.Debug|iPhone.ActiveCfg = Debug|iPhone
		{223F4140-7FB1-4DE0-A88D-61BA64542DDE}.Debug|iPhone.Build.0 = Debug|iPhone
		{223F4140-7FB1-4DE0-A88D-61BA64542DDE}.Debug|iPhone.Deploy.0 = Debug|iPhone
		{223F4140-7FB1-4DE0-A88D-61BA64542DDE}.Debug|iPhoneSimulator.ActiveCfg = Debug|iPhoneSimulator
		{223F4140-7FB1-4DE0-A88D-61BA64542DDE}.Debug|iPhoneSimulator.Build.0 = Debug|iPhoneSimulator
		{223F4140-7FB1-4DE0-A88D-61BA64542DDE}.Debug|iPhoneSimulator.Deploy.0 = Debug|iPhoneSimulator
		{223F4140-7FB1-4DE0-A88D-61BA64542DDE}.Debug|x64.ActiveCfg = Debug|iPhoneSimulator
		{223F4140-7FB1-4DE0-A88D-61BA64542DDE}.Debug|x64.Build.0 = Debug|iPhoneSimulator
		{223F4140-7FB1-4DE0-A88D-61BA64542DDE}.Debug|x64.Deploy.0 = Debug|iPhoneSimulator
		{223F4140-7FB1-4DE0-A88D-61BA64542DDE}.Debug|x86.ActiveCfg = Debug|iPhoneSimulator
		{223F4140-7FB1-4DE0-A88D-61BA64542DDE}.Debug|x86.Build.0 = Debug|iPhoneSimulator
		{223F4140-7FB1-4DE0-A88D-61BA64542DDE}.Debug|x86.Deploy.0 = Debug|iPhoneSimulator
		{223F4140-7FB1-4DE0-A88D-61BA64542DDE}.Release|Any CPU.ActiveCfg = Release|iPhoneSimulator
		{223F4140-7FB1-4DE0-A88D-61BA64542DDE}.Release|Any CPU.Build.0 = Release|iPhoneSimulator
		{223F4140-7FB1-4DE0-A88D-61BA64542DDE}.Release|Any CPU.Deploy.0 = Release|iPhoneSimulator
		{223F4140-7FB1-4DE0-A88D-61BA64542DDE}.Release|ARM.ActiveCfg = Release|iPhoneSimulator
		{223F4140-7FB1-4DE0-A88D-61BA64542DDE}.Release|ARM.Build.0 = Release|iPhoneSimulator
		{223F4140-7FB1-4DE0-A88D-61BA64542DDE}.Release|ARM.Deploy.0 = Release|iPhoneSimulator
		{223F4140-7FB1-4DE0-A88D-61BA64542DDE}.Release|iPhone.ActiveCfg = Release|iPhone
		{223F4140-7FB1-4DE0-A88D-61BA64542DDE}.Release|iPhone.Build.0 = Release|iPhone
		{223F4140-7FB1-4DE0-A88D-61BA64542DDE}.Release|iPhone.Deploy.0 = Release|iPhone
		{223F4140-7FB1-4DE0-A88D-61BA64542DDE}.Release|iPhoneSimulator.ActiveCfg = Release|iPhoneSimulator
		{223F4140-7FB1-4DE0-A88D-61BA64542DDE}.Release|iPhoneSimulator.Build.0 = Release|iPhoneSimulator
		{223F4140-7FB1-4DE0-A88D-61BA64542DDE}.Release|iPhoneSimulator.Deploy.0 = Release|iPhoneSimulator
		{223F4140-7FB1-4DE0-A88D-61BA64542DDE}.Release|x64.ActiveCfg = Release|iPhoneSimulator
		{223F4140-7FB1-4DE0-A88D-61BA64542DDE}.Release|x64.Build.0 = Release|iPhoneSimulator
		{223F4140-7FB1-4DE0-A88D-61BA64542DDE}.Release|x64.Deploy.0 = Release|iPhoneSimulator
		{223F4140-7FB1-4DE0-A88D-61BA64542DDE}.Release|x86.ActiveCfg = Release|iPhoneSimulator
		{223F4140-7FB1-4DE0-A88D-61BA64542DDE}.Release|x86.Build.0 = Release|iPhoneSimulator
		{223F4140-7FB1-4DE0-A88D-61BA64542DDE}.Release|x86.Deploy.0 = Release|iPhoneSimulator
		{8E1F6B20-E32E-4C07-89CD-8A2F1AA4CC1E}.Debug|Any CPU.ActiveCfg = Debug|Any CPU
		{8E1F6B20-E32E-4C07-89CD-8A2F1AA4CC1E}.Debug|Any CPU.Build.0 = Debug|Any CPU
		{8E1F6B20-E32E-4C07-89CD-8A2F1AA4CC1E}.Debug|Any CPU.Deploy.0 = Debug|Any CPU
		{8E1F6B20-E32E-4C07-89CD-8A2F1AA4CC1E}.Debug|ARM.ActiveCfg = Debug|Any CPU
		{8E1F6B20-E32E-4C07-89CD-8A2F1AA4CC1E}.Debug|ARM.Build.0 = Debug|Any CPU
		{8E1F6B20-E32E-4C07-89CD-8A2F1AA4CC1E}.Debug|ARM.Deploy.0 = Debug|Any CPU
		{8E1F6B20-E32E-4C07-89CD-8A2F1AA4CC1E}.Debug|iPhone.ActiveCfg = Debug|Any CPU
		{8E1F6B20-E32E-4C07-89CD-8A2F1AA4CC1E}.Debug|iPhone.Build.0 = Debug|Any CPU
		{8E1F6B20-E32E-4C07-89CD-8A2F1AA4CC1E}.Debug|iPhone.Deploy.0 = Debug|Any CPU
		{8E1F6B20-E32E-4C07-89CD-8A2F1AA4CC1E}.Debug|iPhoneSimulator.ActiveCfg = Debug|Any CPU
		{8E1F6B20-E32E-4C07-89CD-8A2F1AA4CC1E}.Debug|iPhoneSimulator.Build.0 = Debug|Any CPU
		{8E1F6B20-E32E-4C07-89CD-8A2F1AA4CC1E}.Debug|iPhoneSimulator.Deploy.0 = Debug|Any CPU
		{8E1F6B20-E32E-4C07-89CD-8A2F1AA4CC1E}.Debug|x64.ActiveCfg = Debug|Any CPU
		{8E1F6B20-E32E-4C07-89CD-8A2F1AA4CC1E}.Debug|x64.Build.0 = Debug|Any CPU
		{8E1F6B20-E32E-4C07-89CD-8A2F1AA4CC1E}.Debug|x64.Deploy.0 = Debug|Any CPU
		{8E1F6B20-E32E-4C07-89CD-8A2F1AA4CC1E}.Debug|x86.ActiveCfg = Debug|Any CPU
		{8E1F6B20-E32E-4C07-89CD-8A2F1AA4CC1E}.Debug|x86.Build.0 = Debug|Any CPU
		{8E1F6B20-E32E-4C07-89CD-8A2F1AA4CC1E}.Debug|x86.Deploy.0 = Debug|Any CPU
		{8E1F6B20-E32E-4C07-89CD-8A2F1AA4CC1E}.Release|Any CPU.ActiveCfg = Release|Any CPU
		{8E1F6B20-E32E-4C07-89CD-8A2F1AA4CC1E}.Release|Any CPU.Build.0 = Release|Any CPU
		{8E1F6B20-E32E-4C07-89CD-8A2F1AA4CC1E}.Release|Any CPU.Deploy.0 = Release|Any CPU
		{8E1F6B20-E32E-4C07-89CD-8A2F1AA4CC1E}.Release|ARM.ActiveCfg = Release|Any CPU
		{8E1F6B20-E32E-4C07-89CD-8A2F1AA4CC1E}.Release|ARM.Build.0 = Release|Any CPU
		{8E1F6B20-E32E-4C07-89CD-8A2F1AA4CC1E}.Release|ARM.Deploy.0 = Release|Any CPU
		{8E1F6B20-E32E-4C07-89CD-8A2F1AA4CC1E}.Release|iPhone.ActiveCfg = Release|Any CPU
		{8E1F6B20-E32E-4C07-89CD-8A2F1AA4CC1E}.Release|iPhone.Build.0 = Release|Any CPU
		{8E1F6B20-E32E-4C07-89CD-8A2F1AA4CC1E}.Release|iPhone.Deploy.0 = Release|Any CPU
		{8E1F6B20-E32E-4C07-89CD-8A2F1AA4CC1E}.Release|iPhoneSimulator.ActiveCfg = Release|Any CPU
		{8E1F6B20-E32E-4C07-89CD-8A2F1AA4CC1E}.Release|iPhoneSimulator.Build.0 = Release|Any CPU
		{8E1F6B20-E32E-4C07-89CD-8A2F1AA4CC1E}.Release|iPhoneSimulator.Deploy.0 = Release|Any CPU
		{8E1F6B20-E32E-4C07-89CD-8A2F1AA4CC1E}.Release|x64.ActiveCfg = Release|Any CPU
		{8E1F6B20-E32E-4C07-89CD-8A2F1AA4CC1E}.Release|x64.Build.0 = Release|Any CPU
		{8E1F6B20-E32E-4C07-89CD-8A2F1AA4CC1E}.Release|x64.Deploy.0 = Release|Any CPU
		{8E1F6B20-E32E-4C07-89CD-8A2F1AA4CC1E}.Release|x86.ActiveCfg = Release|Any CPU
		{8E1F6B20-E32E-4C07-89CD-8A2F1AA4CC1E}.Release|x86.Build.0 = Release|Any CPU
		{8E1F6B20-E32E-4C07-89CD-8A2F1AA4CC1E}.Release|x86.Deploy.0 = Release|Any CPU
		{99E96ACE-31AA-4B34-9D68-BED7E22FD28D}.Debug|Any CPU.ActiveCfg = Debug|Any CPU
		{99E96ACE-31AA-4B34-9D68-BED7E22FD28D}.Debug|Any CPU.Build.0 = Debug|Any CPU
		{99E96ACE-31AA-4B34-9D68-BED7E22FD28D}.Debug|ARM.ActiveCfg = Debug|Any CPU
		{99E96ACE-31AA-4B34-9D68-BED7E22FD28D}.Debug|ARM.Build.0 = Debug|Any CPU
		{99E96ACE-31AA-4B34-9D68-BED7E22FD28D}.Debug|iPhone.ActiveCfg = Debug|Any CPU
		{99E96ACE-31AA-4B34-9D68-BED7E22FD28D}.Debug|iPhone.Build.0 = Debug|Any CPU
		{99E96ACE-31AA-4B34-9D68-BED7E22FD28D}.Debug|iPhoneSimulator.ActiveCfg = Debug|Any CPU
		{99E96ACE-31AA-4B34-9D68-BED7E22FD28D}.Debug|iPhoneSimulator.Build.0 = Debug|Any CPU
		{99E96ACE-31AA-4B34-9D68-BED7E22FD28D}.Debug|x64.ActiveCfg = Debug|Any CPU
		{99E96ACE-31AA-4B34-9D68-BED7E22FD28D}.Debug|x64.Build.0 = Debug|Any CPU
		{99E96ACE-31AA-4B34-9D68-BED7E22FD28D}.Debug|x86.ActiveCfg = Debug|Any CPU
		{99E96ACE-31AA-4B34-9D68-BED7E22FD28D}.Debug|x86.Build.0 = Debug|Any CPU
		{99E96ACE-31AA-4B34-9D68-BED7E22FD28D}.Release|Any CPU.ActiveCfg = Release|Any CPU
		{99E96ACE-31AA-4B34-9D68-BED7E22FD28D}.Release|Any CPU.Build.0 = Release|Any CPU
		{99E96ACE-31AA-4B34-9D68-BED7E22FD28D}.Release|ARM.ActiveCfg = Release|Any CPU
		{99E96ACE-31AA-4B34-9D68-BED7E22FD28D}.Release|ARM.Build.0 = Release|Any CPU
		{99E96ACE-31AA-4B34-9D68-BED7E22FD28D}.Release|iPhone.ActiveCfg = Release|Any CPU
		{99E96ACE-31AA-4B34-9D68-BED7E22FD28D}.Release|iPhone.Build.0 = Release|Any CPU
		{99E96ACE-31AA-4B34-9D68-BED7E22FD28D}.Release|iPhoneSimulator.ActiveCfg = Release|Any CPU
		{99E96ACE-31AA-4B34-9D68-BED7E22FD28D}.Release|iPhoneSimulator.Build.0 = Release|Any CPU
		{99E96ACE-31AA-4B34-9D68-BED7E22FD28D}.Release|x64.ActiveCfg = Release|Any CPU
		{99E96ACE-31AA-4B34-9D68-BED7E22FD28D}.Release|x64.Build.0 = Release|Any CPU
		{99E96ACE-31AA-4B34-9D68-BED7E22FD28D}.Release|x86.ActiveCfg = Release|Any CPU
		{99E96ACE-31AA-4B34-9D68-BED7E22FD28D}.Release|x86.Build.0 = Release|Any CPU
	EndGlobalSection
	GlobalSection(SolutionProperties) = preSolution
		HideSolutionNode = FALSE
	EndGlobalSection
	GlobalSection(ExtensibilityGlobals) = postSolution
		SolutionGuid = {62C0EECB-4A1A-4003-B4C2-2809DBD5A355}
	EndGlobalSection
EndGlobal
